{
    "_meta": {
        "hash": {
            "sha256": "a705465120f1571695b3102995f1b1ea44808b96a58291cbcc225ce07d780987"
        },
        "pipfile-spec": 6,
        "requires": {
            "python_version": "3.6"
        },
        "sources": [
            {
                "name": "pypi",
                "url": "https://pypi.org/simple",
                "verify_ssl": true
            }
        ]
    },
    "default": {
        "requests": {
            "hashes": [
                "sha256:2ef65639cb9600443f85451df487818c31f993ab288f313d29cc9db4f3cbe6ed",
                "sha256:78536038f54cff6ade3be6863403146665b5a3923dd61108c98d8b64141f9d70"
            ],
            "index": "pypi",
            "version": "==2.0.0"
        }
    },
    "develop": {}
}
